// !$*UTF8*$!
{
	archiveVersion = 1;
	classes = {
	};
	objectVersion = 46;
	objects = {

/* Begin PBXBuildFile section */
		DA54C5701E3D574E00C0228B /* main.m in Sources */ = {isa = PBXBuildFile; fileRef = DA54C56F1E3D574E00C0228B /* main.m */; };
		DA54C5781E3D578E00C0228B /* Car.m in Sources */ = {isa = PBXBuildFile; fileRef = DA54C5771E3D578E00C0228B /* Car.m */; };
		DA54C57B1E3D5D4100C0228B /* Toyota.m in Sources */ = {isa = PBXBuildFile; fileRef = DA54C57A1E3D5D4100C0228B /* Toyota.m */; };
/* End PBXBuildFile section */

/* Begin PBXCopyFilesBuildPhase section */
		DA54C56A1E3D574E00C0228B /* CopyFiles */ = {
			isa = PBXCopyFilesBuildPhase;
			buildActionMask = 2147483647;
			dstPath = /usr/share/man/man1/;
			dstSubfolderSpec = 0;
			files = (
			);
			runOnlyForDeploymentPostprocessing = 1;
		};
/* End PBXCopyFilesBuildPhase section */

/* Begin PBXFileReference section */
		DA54C56C1E3D574E00C0228B /* Toyotas */ = {isa = PBXFileReference; explicitFileType = "compiled.mach-o.executable"; includeInIndex = 0; path = Toyotas; sourceTree = BUILT_PRODUCTS_DIR; };
		DA54C56F1E3D574E00C0228B /* main.m */ = {isa = PBXFileReference; lastKnownFileType = sourcecode.c.objc; path = main.m; sourceTree = "<group>"; };
		DA54C5761E3D578E00C0228B /* Car.h */ = {isa = PBXFileReference; fileEncoding = 4; lastKnownFileType = sourcecode.c.h; path = Car.h; sourceTree = "<group>"; };
		DA54C5771E3D578E00C0228B /* Car.m */ = {isa = PBXFileReference; fileEncoding = 4; lastKnownFileType = sourcecode.c.objc; path = Car.m; sourceTree = "<group>"; };
		DA54C5791E3D5D4100C0228B /* Toyota.h */ = {isa = PBXFileReference; fileEncoding = 4; lastKnownFileType = sourcecode.c.h; path = Toyota.h; sourceTree = "<group>"; };
		DA54C57A1E3D5D4100C0228B /* Toyota.m */ = {isa = PBXFileReference; fileEncoding = 4; lastKnownFileType = sourcecode.c.objc; path = Toyota.m; sourceTree = "<group>"; };
/* End PBXFileReference section */

/* Begin PBXFrameworksBuildPhase section */
		DA54C5691E3D574E00C0228B /* Frameworks */ = {
			isa = PBXFrameworksBuildPhase;
			buildActionMask = 2147483647;
			files = (
			);
			runOnlyForDeploymentPostprocessing = 0;
		};
/* End PBXFrameworksBuildPhase section */

/* Begin PBXGroup section */
		DA54C5631E3D574E00C0228B = {
			isa = PBXGroup;
			children = (
				DA54C56E1E3D574E00C0228B /* Toyotas */,
				DA54C56D1E3D574E00C0228B /* Products */,
			);
			sourceTree = "<group>";
		};
		DA54C56D1E3D574E00C0228B /* Products */ = {
			isa = PBXGroup;
			children = (
				DA54C56C1E3D574E00C0228B /* Toyotas */,
			);
			name = Products;
			sourceTree = "<group>";
		};
		DA54C56E1E3D574E00C0228B /* Toyotas */ = {
			isa = PBXGroup;
			children = (
				DA54C56F1E3D574E00C0228B /* main.m */,
				DA54C5761E3D578E00C0228B /* Car.h */,
				DA54C5771E3D578E00C0228B /* Car.m */,
				DA54C5791E3D5D4100C0228B /* Toyota.h */,
				DA54C57A1E3D5D4100C0228B /* Toyota.m */,
			);
			path = Toyotas;
			sourceTree = "<group>";
		};
/* End PBXGroup section */

/* Begin PBXNativeTarget section */
		DA54C56B1E3D574E00C0228B /* Toyotas */ = {
			isa = PBXNativeTarget;
			buildConfigurationList = DA54C5731E3D574E00C0228B /* Build configuration list for PBXNativeTarget "Toyotas" */;
			buildPhases = (
				DA54C5681E3D574E00C0228B /* Sources */,
				DA54C5691E3D574E00C0228B /* Frameworks */,
				DA54C56A1E3D574E00C0228B /* CopyFiles */,
			);
			buildRules = (
			);
			dependencies = (
			);
			name = Toyotas;
			productName = Toyotas;
			productReference = DA54C56C1E3D574E00C0228B /* Toyotas */;
			productType = "com.apple.product-type.tool";
		};
/* End PBXNativeTarget section */

/* Begin PBXProject section */
		DA54C5641E3D574E00C0228B /* Project object */ = {
			isa = PBXProject;
			attributes = {
				LastUpgradeCheck = 0820;
				ORGANIZATIONNAME = leomoon;
				TargetAttributes = {
					DA54C56B1E3D574E00C0228B = {
						CreatedOnToolsVersion = 8.2.1;
						DevelopmentTeam = UZD8JHA5UW;
						ProvisioningStyle = Automatic;
					};
				};
			};
			buildConfigurationList = DA54C5671E3D574E00C0228B /* Build configuration list for PBXProject "Toyotas" */;
			compatibilityVersion = "Xcode 3.2";
			developmentRegion = English;
			hasScannedForEncodings = 0;
			knownRegions = (
				en,
			);
			mainGroup = DA54C5631E3D574E00C0228B;
			productRefGroup = DA54C56D1E3D574E00C0228B /* Products */;
			projectDirPath = "";
			projectRoot = "";
			targets = (
				DA54C56B1E3D574E00C0228B /* Toyotas */,
			);
		};
/* End PBXProject section */

/* Begin PBXSourcesBuildPhase section */
		DA54C5681E3D574E00C0228B /* Sources */ = {
			isa = PBXSourcesBuildPhase;
			buildActionMask = 2147483647;
			files = (
				DA54C57B1E3D5D4100C0228B /* Toyota.m in Sources */,
				DA54C5781E3D578E00C0228B /* Car.m in Sources */,
				DA54C5701E3D574E00C0228B /* main.m in Sources */,
			);
			runOnlyForDeploymentPostprocessing = 0;
		};
/* End PBXSourcesBuildPhase section */

/* Begin XCBuildConfiguration section */
		DA54C5711E3D574E00C0228B /* Debug */ = {
			isa = XCBuildConfiguration;
			buildSettings = {
				ALWAYS_SEARCH_USER_PATHS = NO;
				CLANG_ANALYZER_NONNULL = YES;
				CLANG_CXX_LANGUAGE_STANDARD = "gnu++0x";
				CLANG_CXX_LIBRARY = "libc++";
				CLANG_ENABLE_MODULES = YES;
				CLANG_ENABLE_OBJC_ARC = YES;
				CLANG_WARN_BOOL_CONVERSION = YES;
				CLANG_WARN_CONSTANT_CONVERSION = YES;
				CLANG_WARN_DIRECT_OBJC_ISA_USAGE = YES_ERROR;
				CLANG_WARN_DOCUMENTATION_COMMENTS = YES;
				CLANG_WARN_EMPTY_BODY = YES;
				CLANG_WARN_ENUM_CONVERSION = YES;
				CLANG_WARN_INFINITE_RECURSION = YES;
				CLANG_WARN_INT_CONVERSION = YES;
				CLANG_WARN_OBJC_ROOT_CLASS = YES_ERROR;
				CLANG_WARN_SUSPICIOUS_MOVE = YES;
				CLANG_WARN_UNREACHABLE_CODE = YES;
				CLANG_WARN__DUPLICATE_METHOD_MATCH = YES;
				CODE_SIGN_IDENTITY = "-";
				COPY_PHASE_STRIP = NO;
				DEBUG_INFORMATION_FORMAT = dwarf;
				ENABLE_STRICT_OBJC_MSGSEND = YES;
				ENABLE_TESTABILITY = YES;
				GCC_C_LANGUAGE_STANDARD = gnu99;
				GCC_DYNAMIC_NO_PIC = NO;
				GCC_NO_COMMON_BLOCKS = YES;
				GCC_OPTIMIZATION_LEVEL = 0;
				GCC_PREPROCESSOR_DEFINITIONS = (
					"DEBUG=1",
					"$(inherited)",
				);
				GCC_WARN_64_TO_32_BIT_CONVERSION = YES;
				GCC_WARN_ABOUT_RETURN_TYPE = YES_ERROR;
				GCC_WARN_UNDECLARED_SELECTOR = YES;
				GCC_WARN_UNINITIALIZED_AUTOS = YES_AGGRESSIVE;
				GCC_WARN_UNUSED_FUNCTION = YES;
				GCC_WARN_UNUSED_VARIABLE = YES;
				MACOSX_DEPLOYMENT_TARGET = 10.12;
				MTL_ENABLE_DEBUG_INFO = YES;
				ONLY_ACTIVE_ARCH = YES;
				SDKROOT = macosx;
			};
			name = Debug;
		};
		DA54C5721E3D574E00C0228B /* Release */ = {
			isa = XCBuildConfiguration;
			buildSettings = {
				ALWAYS_SEARCH_USER_PATHS = NO;
				CLANG_ANALYZER_NONNULL = YES;
				CLANG_CXX_LANGUAGE_STANDARD = "gnu++0x";
				CLANG_CXX_LIBRARY = "libc++";
				CLANG_ENABLE_MODULES = YES;
				CLANG_ENABLE_OBJC_ARC = YES;
				CLANG_WARN_BOOL_CONVERSION = YES;
				CLANG_WARN_CONSTANT_CONVERSION = YES;
				CLANG_WARN_DIRECT_OBJC_ISA_USAGE = YES_ERROR;
				CLANG_WARN_DOCUMENTATION_COMMENTS = YES;
				CLANG_WARN_EMPTY_BODY = YES;
				CLANG_WARN_ENUM_CONVERSION = YES;
				CLANG_WARN_INFINITE_RECURSION = YES;
				CLANG_WARN_INT_CONVERSION = YES;
				CLANG_WARN_OBJC_ROOT_CLASS = YES_ERROR;
				CLANG_WARN_SUSPICIOUS_MOVE = YES;
				CLANG_WARN_UNREACHABLE_CODE = YES;
				CLANG_WARN__DUPLICATE_METHOD_MATCH = YES;
				CODE_SIGN_IDENTITY = "-";
				COPY_PHASE_STRIP = NO;
				DEBUG_INFORMATION_FORMAT = "dwarf-with-dsym";
				ENABLE_NS_ASSERTIONS = NO;
				ENABLE_STRICT_OBJC_MSGSEND = YES;
				GCC_C_LANGUAGE_STANDARD = gnu99;
				GCC_NO_COMMON_BLOCKS = YES;
				GCC_WARN_64_TO_32_BIT_CONVERSION = YES;
				GCC_WARN_ABOUT_RETURN_TYPE = YES_ERROR;
				GCC_WARN_UNDECLARED_SELECTOR = YES;
				GCC_WARN_UNINITIALIZED_AUTOS = YES_AGGRESSIVE;
				GCC_WARN_UNUSED_FUNCTION = YES;
				GCC_WARN_UNUSED_VARIABLE = YES;
				MACOSX_DEPLOYMENT_TARGET = 10.12;
				MTL_ENABLE_DEBUG_INFO = NO;
				SDKROOT = macosx;
			};
			name = Release;
		};
		DA54C5741E3D574E00C0228B /* Debug */ = {
			isa = XCBuildConfiguration;
			buildSettings = {
				DEVELOPMENT_TEAM = UZD8JHA5UW;
				PRODUCT_NAME = "$(TARGET_NAME)";
			};
			name = Debug;
		};
		DA54C5751E3D574E00C0228B /* Release */ = {
			isa = XCBuildConfiguration;
			buildSettings = {
				DEVELOPMENT_TEAM = UZD8JHA5UW;
				PRODUCT_NAME = "$(TARGET_NAME)";
			};
			name = Release;
		};
/* End XCBuildConfiguration section */

/* Begin XCConfigurationList section */
		DA54C5671E3D574E00C0228B /* Build configuration list for PBXProject "Toyotas" */ = {
			isa = XCConfigurationList;
			buildConfigurations = (
				DA54C5711E3D574E00C0228B /* Debug */,
				DA54C5721E3D574E00C0228B /* Release */,
			);
			defaultConfigurationIsVisible = 0;
			defaultConfigurationName = Release;
		};
		DA54C5731E3D574E00C0228B /* Build configuration list for PBXNativeTarget "Toyotas" */ = {
			isa = XCConfigurationList;
			buildConfigurations = (
				DA54C5741E3D574E00C0228B /* Debug */,
				DA54C5751E3D574E00C0228B /* Release */,
			);
			defaultConfigurationIsVisible = 0;
		};
/* End XCConfigurationList section */
	};
	rootObject = DA54C5641E3D574E00C0228B /* Project object */;
}
